{
  "version": 4,
  "terraform_version": "1.11.4",
  "serial": 9,
  "lineage": "32edfa91-dbb9-0db5-6138-67f1aa52b0db",
  "outputs": {
    "instance_connection_name": {
      "value": "manga-agent-457407:asia-northeast1:manga-agent-sql",
      "type": "string"
    }
  },
  "resources": [
    {
      "mode": "managed",
      "type": "google_project_iam_member",
      "name": "cloud_run_sql_client",
      "provider": "provider[\"registry.terraform.io/hashicorp/google\"]",
      "instances": [
        {
          "schema_version": 0,
          "attributes": {
            "condition": [],
            "etag": "BwYzTG55icI=",
            "id": "manga-agent-457407/roles/cloudsql.client/serviceAccount:cloud-run-sa@manga-agent-457407.iam.gserviceaccount.com",
            "member": "serviceAccount:cloud-run-sa@manga-agent-457407.iam.gserviceaccount.com",
            "project": "manga-agent-457407",
            "role": "roles/cloudsql.client"
          },
          "sensitive_attributes": [],
          "private": "bnVsbA==",
          "dependencies": [
            "google_service_account.run_sa"
          ]
        }
      ]
    },
    {
      "mode": "managed",
      "type": "google_project_service",
      "name": "sqladmin",
      "provider": "provider[\"registry.terraform.io/hashicorp/google\"]",
      "instances": [
        {
          "schema_version": 0,
          "attributes": {
            "disable_dependent_services": null,
            "disable_on_destroy": true,
            "id": "manga-agent-457407/sqladmin.googleapis.com",
            "project": "manga-agent-457407",
            "service": "sqladmin.googleapis.com",
            "timeouts": null
          },
          "sensitive_attributes": [],
          "private": "eyJlMmJmYjczMC1lY2FhLTExZTYtOGY4OC0zNDM2M2JjN2M0YzAiOnsiY3JlYXRlIjoxMjAwMDAwMDAwMDAwLCJkZWxldGUiOjEyMDAwMDAwMDAwMDAsInJlYWQiOjYwMDAwMDAwMDAwMCwidXBkYXRlIjoxMjAwMDAwMDAwMDAwfX0="
        }
      ]
    },
    {
      "mode": "managed",
      "type": "google_service_account",
      "name": "run_sa",
      "provider": "provider[\"registry.terraform.io/hashicorp/google\"]",
      "instances": [
        {
          "schema_version": 0,
          "attributes": {
            "account_id": "cloud-run-sa",
            "description": "",
            "disabled": false,
            "display_name": "Cloud Run Service Account",
            "email": "cloud-run-sa@manga-agent-457407.iam.gserviceaccount.com",
            "id": "projects/manga-agent-457407/serviceAccounts/cloud-run-sa@manga-agent-457407.iam.gserviceaccount.com",
            "member": "serviceAccount:cloud-run-sa@manga-agent-457407.iam.gserviceaccount.com",
            "name": "projects/manga-agent-457407/serviceAccounts/cloud-run-sa@manga-agent-457407.iam.gserviceaccount.com",
            "project": "manga-agent-457407",
            "timeouts": {
              "create": null
            },
            "unique_id": "106858728538477676357"
          },
          "sensitive_attributes": [],
          "private": "eyJlMmJmYjczMC1lY2FhLTExZTYtOGY4OC0zNDM2M2JjN2M0YzAiOnsiY3JlYXRlIjozMDAwMDAwMDAwMDB9LCJzY2hlbWFfdmVyc2lvbiI6IjAifQ=="
        }
      ]
    },
    {
      "mode": "managed",
      "type": "google_sql_database",
      "name": "db",
      "provider": "provider[\"registry.terraform.io/hashicorp/google\"]",
      "instances": [
        {
          "schema_version": 0,
          "attributes": {
            "charset": "UTF8",
            "collation": "en_US.UTF8",
            "deletion_policy": "DELETE",
            "id": "projects/manga-agent-457407/instances/manga-agent-sql/databases/manga_db",
            "instance": "manga-agent-sql",
            "name": "manga_db",
            "project": "manga-agent-457407",
            "self_link": "https://sqladmin.googleapis.com/sql/v1beta4/projects/manga-agent-457407/instances/manga-agent-sql/databases/manga_db",
            "timeouts": null
          },
          "sensitive_attributes": [],
          "private": "eyJlMmJmYjczMC1lY2FhLTExZTYtOGY4OC0zNDM2M2JjN2M0YzAiOnsiY3JlYXRlIjoxMjAwMDAwMDAwMDAwLCJkZWxldGUiOjEyMDAwMDAwMDAwMDAsInVwZGF0ZSI6MTIwMDAwMDAwMDAwMH19",
          "dependencies": [
            "google_sql_database_instance.instance"
          ]
        }
      ]
    },
    {
      "mode": "managed",
      "type": "google_sql_database_instance",
      "name": "instance",
      "provider": "provider[\"registry.terraform.io/hashicorp/google\"]",
      "instances": [
        {
          "schema_version": 0,
          "attributes": {
            "available_maintenance_versions": [],
            "clone": [],
            "connection_name": "manga-agent-457407:asia-northeast1:manga-agent-sql",
            "database_version": "POSTGRES_15",
            "deletion_protection": true,
            "dns_name": "",
            "encryption_key_name": null,
            "first_ip_address": "34.146.242.103",
            "id": "manga-agent-sql",
            "instance_type": "CLOUD_SQL_INSTANCE",
            "ip_address": [
              {
                "ip_address": "34.146.242.103",
                "time_to_retire": "",
                "type": "PRIMARY"
              },
              {
                "ip_address": "34.84.146.30",
                "time_to_retire": "",
                "type": "OUTGOING"
              }
            ],
            "maintenance_version": "POSTGRES_15_12.R20250302.00_07",
            "master_instance_name": "",
            "name": "manga-agent-sql",
            "private_ip_address": "",
            "project": "manga-agent-457407",
            "psc_service_attachment_link": "",
            "public_ip_address": "34.146.242.103",
            "region": "asia-northeast1",
            "replica_configuration": [],
            "restore_backup_context": [],
            "root_password": null,
            "self_link": "https://sqladmin.googleapis.com/sql/v1beta4/projects/manga-agent-457407/instances/manga-agent-sql",
            "server_ca_cert": [
              {
                "cert": "-----BEGIN CERTIFICATE-----\nMIIDfzCCAmegAwIBAgIBADANBgkqhkiG9w0BAQsFADB3MS0wKwYDVQQuEyQ1NGYw\nMjUyZi03YTdiLTRmNjUtYTUzNS1lYjJiOTA1OTgxOWQxIzAhBgNVBAMTGkdvb2ds\nZSBDbG91ZCBTUUwgU2VydmVyIENBMRQwEgYDVQQKEwtHb29nbGUsIEluYzELMAkG\nA1UEBhMCVVMwHhcNMjUwNDIxMTYxODUxWhcNMzUwNDE5MTYxOTUxWjB3MS0wKwYD\nVQQuEyQ1NGYwMjUyZi03YTdiLTRmNjUtYTUzNS1lYjJiOTA1OTgxOWQxIzAhBgNV\nBAMTGkdvb2dsZSBDbG91ZCBTUUwgU2VydmVyIENBMRQwEgYDVQQKEwtHb29nbGUs\nIEluYzELMAkGA1UEBhMCVVMwggEiMA0GCSqGSIb3DQEBAQUAA4IBDwAwggEKAoIB\nAQChC8YiGY3hCXyekO/PSyqiOO9mdo3V013mAA4EYHAZ7rl34FVtMFNWV28CWmIk\n4TVRcXhWQCFzun8g+Jlz1xtnOvPMtW4ROhjS66BsuJW9R3rKZx3nZ62/oAYB0mj2\n5poJq0wn/m4YANGQYnFWvQJtHOpZ4W6e45EUT5GoEc/s/1jSnGM6ZQHdI51Pl3rL\nTSG8Zhj8BlPXyG70YTZTiNwcF3/L+7SqfuzJoBXTETbbN0ruA4twDKc3rgemp6SQ\nE7XQaYcU9QxP9vTAy2wi23kn4zv0p5+8xKBNQ+XRswoPx5hyXW7zrxatPpR366FF\n2cCyChO4Upse3NzP0w/rlZaXAgMBAAGjFjAUMBIGA1UdEwEB/wQIMAYBAf8CAQAw\nDQYJKoZIhvcNAQELBQADggEBAC+LzI4+Wk2x7w5O5FoXUIfQEh/pwKuAc3yyrzyR\nIwKwlRZ+pXEKVy0kkrW/+wUI+tDL3J3JS8+qhqRFO05/ynOoDJsMypWwxWaZFL6Q\nK4YdXH380rW3m0iiUzBFr5sdMWuEGY+/OJ68/N/ehi7eBnfCVFb6S6QlquEcgN3f\nz8KrEBCJYHrJeZPjl/iOrqxlEfQbgTj70l4Oi/EqKRbdLzVmtbGr7P5eSIXtrNip\nP7trMzWFokBM9eW8PO5Sz+FUQrOWozHR3cbkyr84nsEWFym/RhM7B4mZPdwEwYvN\nKLCGcYabVA7jtpofOgMrZRJQGfDFog1QJ4yafUbA63G7zp0=\n-----END CERTIFICATE-----",
                "common_name": "C=US,O=Google\\, Inc,CN=Google Cloud SQL Server CA,dnQualifier=54f0252f-7a7b-4f65-a535-eb2b9059819d",
                "create_time": "2025-04-21T16:18:51.997Z",
                "expiration_time": "2035-04-19T16:19:51.997Z",
                "sha1_fingerprint": "01b7322c9bd5a04c3f63f189b9547e42363b7c4c"
              }
            ],
            "service_account_email_address": "p535551754917-p4yttx@gcp-sa-cloud-sql.iam.gserviceaccount.com",
            "settings": [
              {
                "activation_policy": "ALWAYS",
                "active_directory_config": [],
                "advanced_machine_features": [],
                "availability_type": "ZONAL",
                "backup_configuration": [
                  {
                    "backup_retention_settings": [
                      {
                        "retained_backups": 7,
                        "retention_unit": "COUNT"
                      }
                    ],
                    "binary_log_enabled": false,
                    "enabled": true,
                    "location": "",
                    "point_in_time_recovery_enabled": false,
                    "start_time": "10:00",
                    "transaction_log_retention_days": 7
                  }
                ],
                "collation": "",
                "connector_enforcement": "NOT_REQUIRED",
                "data_cache_config": [],
                "database_flags": [],
                "deletion_protection_enabled": false,
                "deny_maintenance_period": [],
                "disk_autoresize": true,
                "disk_autoresize_limit": 0,
                "disk_size": 10,
                "disk_type": "PD_SSD",
                "edition": "",
                "insights_config": [],
                "ip_configuration": [
                  {
                    "allocated_ip_range": "",
                    "authorized_networks": [],
                    "enable_private_path_for_google_cloud_services": false,
                    "ipv4_enabled": true,
                    "private_network": "",
                    "psc_config": [],
                    "require_ssl": false
                  }
                ],
                "location_preference": [
                  {
                    "follow_gae_application": "",
                    "secondary_zone": "",
                    "zone": "asia-northeast1-a"
                  }
                ],
                "maintenance_window": [],
                "password_validation_policy": [],
                "pricing_plan": "PER_USE",
                "sql_server_audit_config": [],
                "tier": "db-f1-micro",
                "time_zone": "",
                "user_labels": {},
                "version": 1
              }
            ],
            "timeouts": null
          },
          "sensitive_attributes": [
            [
              {
                "type": "get_attr",
                "value": "root_password"
              }
            ]
          ],
          "private": "eyJlMmJmYjczMC1lY2FhLTExZTYtOGY4OC0zNDM2M2JjN2M0YzAiOnsiY3JlYXRlIjoyNDAwMDAwMDAwMDAwLCJkZWxldGUiOjE4MDAwMDAwMDAwMDAsInVwZGF0ZSI6MTgwMDAwMDAwMDAwMH19"
        }
      ]
    },
    {
      "mode": "managed",
      "type": "google_sql_user",
      "name": "user",
      "provider": "provider[\"registry.terraform.io/hashicorp/google\"]",
      "instances": [
        {
          "schema_version": 1,
          "attributes": {
            "deletion_policy": null,
            "host": "",
            "id": "app_user//manga-agent-sql",
            "instance": "manga-agent-sql",
            "name": "app_user",
            "password": "@Majimanji2121",
            "password_policy": [],
            "project": "manga-agent-457407",
            "sql_server_user_details": [],
            "timeouts": null,
            "type": ""
          },
          "sensitive_attributes": [
            [
              {
                "type": "get_attr",
                "value": "password"
              }
            ]
          ],
          "private": "eyJlMmJmYjczMC1lY2FhLTExZTYtOGY4OC0zNDM2M2JjN2M0YzAiOnsiY3JlYXRlIjo2MDAwMDAwMDAwMDAsImRlbGV0ZSI6NjAwMDAwMDAwMDAwLCJ1cGRhdGUiOjYwMDAwMDAwMDAwMH0sInNjaGVtYV92ZXJzaW9uIjoiMSJ9",
          "dependencies": [
            "google_sql_database_instance.instance"
          ]
        }
      ]
    }
  ],
  "check_results": null
}
